
Microsoft Visual Studio Solution File, Format Version 12.00
# Visual Studio 14
VisualStudioVersion = 14.0.25420.1
MinimumVisualStudioVersion = 10.0.40219.1
Project("{FAE04EC0-301F-11D3-BF4B-00C04F79EFBC}") = "MusicPlayerApp", "MusicPlayerApp\MusicPlayerApp.csproj", "{83882776-45ED-4777-A0C9-011FCA8DBC55}"
EndProject
Project("{FAE04EC0-301F-11D3-BF4B-00C04F79EFBC}") = "MusicPlayerApp.Tests", "MusicPlayerApp.Tests\MusicPlayerApp.Tests.csproj", "{86E5F2C1-5150-4B30-9344-E37BAEA0A7ED}"
EndProject
Global
	GlobalSection(SolutionConfigurationPlatforms) = preSolution
		Debug|Any CPU = Debug|Any CPU
		Debug|x64 = Debug|x64
		Debug|x86 = Debug|x86
		Release|Any CPU = Release|Any CPU
		Release|x64 = Release|x64
		Release|x86 = Release|x86
	EndGlobalSection
	GlobalSection(ProjectConfigurationPlatforms) = postSolution
		{83882776-45ED-4777-A0C9-011FCA8DBC55}.Debug|Any CPU.ActiveCfg = Debug|Any CPU
		{83882776-45ED-4777-A0C9-011FCA8DBC55}.Debug|Any CPU.Build.0 = Debug|Any CPU
		{83882776-45ED-4777-A0C9-011FCA8DBC55}.Debug|x64.ActiveCfg = Debug|Any CPU
		{83882776-45ED-4777-A0C9-011FCA8DBC55}.Debug|x64.Build.0 = Debug|Any CPU
		{83882776-45ED-4777-A0C9-011FCA8DBC55}.Debug|x86.ActiveCfg = Debug|Any CPU
		{83882776-45ED-4777-A0C9-011FCA8DBC55}.Debug|x86.Build.0 = Debug|Any CPU
		{83882776-45ED-4777-A0C9-011FCA8DBC55}.Release|Any CPU.ActiveCfg = Release|Any CPU
		{83882776-45ED-4777-A0C9-011FCA8DBC55}.Release|Any CPU.Build.0 = Release|Any CPU
		{83882776-45ED-4777-A0C9-011FCA8DBC55}.Release|x64.ActiveCfg = Release|Any CPU
		{83882776-45ED-4777-A0C9-011FCA8DBC55}.Release|x64.Build.0 = Release|Any CPU
		{83882776-45ED-4777-A0C9-011FCA8DBC55}.Release|x86.ActiveCfg = Release|Any CPU
		{83882776-45ED-4777-A0C9-011FCA8DBC55}.Release|x86.Build.0 = Release|Any CPU
		{86E5F2C1-5150-4B30-9344-E37BAEA0A7ED}.Debug|Any CPU.ActiveCfg = Debug|Any CPU
		{86E5F2C1-5150-4B30-9344-E37BAEA0A7ED}.Debug|Any CPU.Build.0 = Debug|Any CPU
		{86E5F2C1-5150-4B30-9344-E37BAEA0A7ED}.Debug|x64.ActiveCfg = Debug|Any CPU
		{86E5F2C1-5150-4B30-9344-E37BAEA0A7ED}.Debug|x64.Build.0 = Debug|Any CPU
		{86E5F2C1-5150-4B30-9344-E37BAEA0A7ED}.Debug|x86.ActiveCfg = Debug|Any CPU
		{86E5F2C1-5150-4B30-9344-E37BAEA0A7ED}.Debug|x86.Build.0 = Debug|Any CPU
		{86E5F2C1-5150-4B30-9344-E37BAEA0A7ED}.Release|Any CPU.ActiveCfg = Release|Any CPU
		{86E5F2C1-5150-4B30-9344-E37BAEA0A7ED}.Release|Any CPU.Build.0 = Release|Any CPU
		{86E5F2C1-5150-4B30-9344-E37BAEA0A7ED}.Release|x64.ActiveCfg = Release|Any CPU
		{86E5F2C1-5150-4B30-9344-E37BAEA0A7ED}.Release|x64.Build.0 = Release|Any CPU
		{86E5F2C1-5150-4B30-9344-E37BAEA0A7ED}.Release|x86.ActiveCfg = Release|Any CPU
		{86E5F2C1-5150-4B30-9344-E37BAEA0A7ED}.Release|x86.Build.0 = Release|Any CPU
	EndGlobalSection
	GlobalSection(SolutionProperties) = preSolution
		HideSolutionNode = FALSE
	EndGlobalSection
EndGlobal
